<?xml version="1.0" encoding="utf-8"?>
<Project ToolsVersion="4.0" xmlns="http://schemas.microsoft.com/developer/msbuild/2003">
  <ItemGroup>
    <Filter Include="App">
      <UniqueIdentifier>{933a2db0-d2c4-428f-a4a6-864ffc38e282}</UniqueIdentifier>
    </Filter>
    <Filter Include="GameEngine">
      <UniqueIdentifier>{93dae443-e58e-4182-9114-ccd4ed05cb50}</UniqueIdentifier>
    </Filter>
    <Filter Include="GameEngine\GraphicsEngine">
      <UniqueIdentifier>{dc61382a-9b4c-4827-9af0-6355711c8cfc}</UniqueIdentifier>
    </Filter>
    <Filter Include="GameEngine\GraphicsEngine\DeviceContext">
      <UniqueIdentifier>{f8594d96-d646-4124-9aa7-171dcf7c7704}</UniqueIdentifier>
    </Filter>
    <Filter Include="GameEngine\GraphicsEngine\SwapChain">
      <UniqueIdentifier>{cb8d5e81-6d15-4a66-ac85-1b59d7a1ef93}</UniqueIdentifier>
    </Filter>
    <Filter Include="GameEngine\WindowSystem">
      <UniqueIdentifier>{513c1b91-1e5b-40b1-a489-ab0630c5d535}</UniqueIdentifier>
    </Filter>
    <Filter Include="GameEngine\GraphicsEngine\Buffers">
      <UniqueIdentifier>{97358320-479d-483b-8ac0-f0e3c6172eb3}</UniqueIdentifier>
    </Filter>
    <Filter Include="GameEngine\GraphicsEngine\Shaders">
      <UniqueIdentifier>{416e3839-da13-4070-a5a5-cc258280b9f9}</UniqueIdentifier>
    </Filter>
    <Filter Include="GameEngine\Objects">
      <UniqueIdentifier>{5c73b575-5492-4fec-8ef5-debd0126e634}</UniqueIdentifier>
    </Filter>
    <Filter Include="GameEngine\Objects\Primitives">
      <UniqueIdentifier>{272a4164-91b9-4599-96b7-d52350dd17f6}</UniqueIdentifier>
    </Filter>
    <Filter Include="GameEngine\InputSystem">
      <UniqueIdentifier>{eb23d211-cdcc-4d8b-8a58-051a602a3c00}</UniqueIdentifier>
    </Filter>
    <Filter Include="Utilities">
      <UniqueIdentifier>{08b51a2e-75a4-44f4-85be-d4cfac843875}</UniqueIdentifier>
    </Filter>
    <Filter Include="IMGUI">
      <UniqueIdentifier>{29f5a681-4b41-44ec-ac58-e2d1f51fc7aa}</UniqueIdentifier>
    </Filter>
    <Filter Include="App\UISystem">
      <UniqueIdentifier>{f474e014-eefc-4c94-ba63-9929dae4940b}</UniqueIdentifier>
    </Filter>
    <Filter Include="App\UISystem\UIFeatures">
      <UniqueIdentifier>{b91cb38f-d4ef-49d4-bc4a-867d21a8162d}</UniqueIdentifier>
    </Filter>
    <Filter Include="GameEngine\Objects\Camera">
      <UniqueIdentifier>{3a45db2a-3a4c-49b0-9c4c-d3ac69ecf5b2}</UniqueIdentifier>
    </Filter>
    <Filter Include="GameEngine\PhysicsEngine">
      <UniqueIdentifier>{055a8449-70d6-4c56-b739-501c3a8ce104}</UniqueIdentifier>
    </Filter>
    <Filter Include="GameEngine\ComponentSystem">
      <UniqueIdentifier>{907bdf1e-c9cd-444f-9f0f-9a8f0f3726d1}</UniqueIdentifier>
    </Filter>
  </ItemGroup>
  <ItemGroup>
    <ClCompile Include="main.cpp">
      <Filter>App</Filter>
    </ClCompile>
    <ClCompile Include="Window.cpp">
      <Filter>GameEngine\WindowSystem</Filter>
    </ClCompile>
    <ClCompile Include="AppWindow.cpp">
      <Filter>App</Filter>
    </ClCompile>
    <ClCompile Include="GraphicsEngine.cpp">
      <Filter>GameEngine\GraphicsEngine</Filter>
    </ClCompile>
    <ClCompile Include="DeviceContext.cpp">
      <Filter>GameEngine\GraphicsEngine\DeviceContext</Filter>
    </ClCompile>
    <ClCompile Include="SwapChain.cpp">
      <Filter>GameEngine\GraphicsEngine\SwapChain</Filter>
    </ClCompile>
    <ClCompile Include="ConstantBuffer.cpp">
      <Filter>GameEngine\GraphicsEngine\Buffers</Filter>
    </ClCompile>
    <ClCompile Include="VertexBuffer.cpp">
      <Filter>GameEngine\GraphicsEngine\Buffers</Filter>
    </ClCompile>
    <ClCompile Include="IndexBuffer.cpp">
      <Filter>GameEngine\GraphicsEngine\Buffers</Filter>
    </ClCompile>
    <ClCompile Include="PixelShader.cpp">
      <Filter>GameEngine\GraphicsEngine\Shaders</Filter>
    </ClCompile>
    <ClCompile Include="VertexShader.cpp">
      <Filter>GameEngine\GraphicsEngine\Shaders</Filter>
    </ClCompile>
    <ClCompile Include="EngineTime.cpp">
      <Filter>GameEngine</Filter>
    </ClCompile>
    <ClCompile Include="Cube.cpp">
      <Filter>GameEngine\Objects\Primitives</Filter>
    </ClCompile>
    <ClCompile Include="AGameObject.cpp">
      <Filter>GameEngine\Objects</Filter>
    </ClCompile>
    <ClCompile Include="InputSystem.cpp">
      <Filter>GameEngine\InputSystem</Filter>
    </ClCompile>
    <ClCompile Include="IMGUI\imgui.cpp">
      <Filter>IMGUI</Filter>
    </ClCompile>
    <ClCompile Include="IMGUI\imgui_demo.cpp">
      <Filter>IMGUI</Filter>
    </ClCompile>
    <ClCompile Include="IMGUI\imgui_draw.cpp">
      <Filter>IMGUI</Filter>
    </ClCompile>
    <ClCompile Include="IMGUI\imgui_impl_dx11.cpp">
      <Filter>IMGUI</Filter>
    </ClCompile>
    <ClCompile Include="IMGUI\imgui_impl_win32.cpp">
      <Filter>IMGUI</Filter>
    </ClCompile>
    <ClCompile Include="IMGUI\imgui_tables.cpp">
      <Filter>IMGUI</Filter>
    </ClCompile>
    <ClCompile Include="IMGUI\imgui_widgets.cpp">
      <Filter>IMGUI</Filter>
    </ClCompile>
    <ClCompile Include="CameraManager.cpp">
      <Filter>GameEngine\Objects\Camera</Filter>
    </ClCompile>
    <ClCompile Include="UIManager.cpp">
      <Filter>App\UISystem</Filter>
    </ClCompile>
    <ClCompile Include="UIHierarchy.cpp">
      <Filter>App\UISystem\UIFeatures</Filter>
    </ClCompile>
    <ClCompile Include="UIInspector.cpp">
      <Filter>App\UISystem\UIFeatures</Filter>
    </ClCompile>
    <ClCompile Include="UIToolbar.cpp">
      <Filter>App\UISystem\UIFeatures</Filter>
    </ClCompile>
    <ClCompile Include="UIProfiler.cpp">
      <Filter>App\UISystem\UIFeatures</Filter>
    </ClCompile>
    <ClCompile Include="GameObjectManager.cpp">
      <Filter>GameEngine\Objects</Filter>
    </ClCompile>
    <ClCompile Include="Camera.cpp">
      <Filter>GameEngine\Objects\Camera</Filter>
    </ClCompile>
    <ClCompile Include="PhysicsComponent.cpp">
      <Filter>GameEngine\PhysicsEngine</Filter>
    </ClCompile>
    <ClCompile Include="PhysicsSystem.cpp">
      <Filter>GameEngine\PhysicsEngine</Filter>
    </ClCompile>
    <ClCompile Include="AComponent.cpp">
      <Filter>GameEngine\ComponentSystem</Filter>
    </ClCompile>
    <ClCompile Include="BaseComponentSystem.cpp">
      <Filter>GameEngine\ComponentSystem</Filter>
    </ClCompile>
  </ItemGroup>
  <ItemGroup>
    <ClInclude Include="Window.h">
      <Filter>GameEngine\WindowSystem</Filter>
    </ClInclude>
    <ClInclude Include="AppWindow.h">
      <Filter>App</Filter>
    </ClInclude>
    <ClInclude Include="GraphicsEngine.h">
      <Filter>GameEngine\GraphicsEngine</Filter>
    </ClInclude>
    <ClInclude Include="DeviceContext.h">
      <Filter>GameEngine\GraphicsEngine\DeviceContext</Filter>
    </ClInclude>
    <ClInclude Include="SwapChain.h">
      <Filter>GameEngine\GraphicsEngine\SwapChain</Filter>
    </ClInclude>
    <ClInclude Include="ConstantBuffer.h">
      <Filter>GameEngine\GraphicsEngine\Buffers</Filter>
    </ClInclude>
    <ClInclude Include="VertexBuffer.h">
      <Filter>GameEngine\GraphicsEngine\Buffers</Filter>
    </ClInclude>
    <ClInclude Include="IndexBuffer.h">
      <Filter>GameEngine\GraphicsEngine\Buffers</Filter>
    </ClInclude>
    <ClInclude Include="PixelShader.h">
      <Filter>GameEngine\GraphicsEngine\Shaders</Filter>
    </ClInclude>
    <ClInclude Include="VertexShader.h">
      <Filter>GameEngine\GraphicsEngine\Shaders</Filter>
    </ClInclude>
    <ClInclude Include="EngineTime.h">
      <Filter>GameEngine</Filter>
    </ClInclude>
    <ClInclude Include="Cube.h">
      <Filter>GameEngine\Objects\Primitives</Filter>
    </ClInclude>
    <ClInclude Include="AGameObject.h">
      <Filter>GameEngine\Objects</Filter>
    </ClInclude>
    <ClInclude Include="Matrix4x4.h">
      <Filter>Utilities</Filter>
    </ClInclude>
    <ClInclude Include="Vector3D.h">
      <Filter>Utilities</Filter>
    </ClInclude>
    <ClInclude Include="Utils.h">
      <Filter>Utilities</Filter>
    </ClInclude>
    <ClInclude Include="Prerequisites.h">
      <Filter>Utilities</Filter>
    </ClInclude>
    <ClInclude Include="Point.h">
      <Filter>Utilities</Filter>
    </ClInclude>
    <ClInclude Include="InputListener.h">
      <Filter>GameEngine\InputSystem</Filter>
    </ClInclude>
    <ClInclude Include="InputSystem.h">
      <Filter>GameEngine\InputSystem</Filter>
    </ClInclude>
    <ClInclude Include="Vector4D.h">
      <Filter>Utilities</Filter>
    </ClInclude>
    <ClInclude Include="IMGUI\imconfig.h">
      <Filter>IMGUI</Filter>
    </ClInclude>
    <ClInclude Include="IMGUI\imgui.h">
      <Filter>IMGUI</Filter>
    </ClInclude>
    <ClInclude Include="IMGUI\imgui_impl_dx11.h">
      <Filter>IMGUI</Filter>
    </ClInclude>
    <ClInclude Include="IMGUI\imgui_impl_win32.h">
      <Filter>IMGUI</Filter>
    </ClInclude>
    <ClInclude Include="IMGUI\imgui_internal.h">
      <Filter>IMGUI</Filter>
    </ClInclude>
    <ClInclude Include="IMGUI\imstb_rectpack.h">
      <Filter>IMGUI</Filter>
    </ClInclude>
    <ClInclude Include="IMGUI\imstb_textedit.h">
      <Filter>IMGUI</Filter>
    </ClInclude>
    <ClInclude Include="IMGUI\imstb_truetype.h">
      <Filter>IMGUI</Filter>
    </ClInclude>
    <ClInclude Include="CameraManager.h">
      <Filter>GameEngine\Objects\Camera</Filter>
    </ClInclude>
    <ClInclude Include="UIManager.h">
      <Filter>App\UISystem</Filter>
    </ClInclude>
    <ClInclude Include="AUIScreen.h">
      <Filter>App\UISystem</Filter>
    </ClInclude>
    <ClInclude Include="UIHierarchy.h">
      <Filter>App\UISystem\UIFeatures</Filter>
    </ClInclude>
    <ClInclude Include="UIInspector.h">
      <Filter>App\UISystem\UIFeatures</Filter>
    </ClInclude>
    <ClInclude Include="UIToolbar.h">
      <Filter>App\UISystem\UIFeatures</Filter>
    </ClInclude>
    <ClInclude Include="UIProfiler.h">
      <Filter>App\UISystem\UIFeatures</Filter>
    </ClInclude>
    <ClInclude Include="GameObjectManager.h">
      <Filter>GameEngine\Objects</Filter>
    </ClInclude>
    <ClInclude Include="Camera.h">
      <Filter>GameEngine\Objects\Camera</Filter>
    </ClInclude>
    <ClInclude Include="PhysicsComponent.h">
      <Filter>GameEngine\PhysicsEngine</Filter>
    </ClInclude>
    <ClInclude Include="PhysicsSystem.h">
      <Filter>GameEngine\PhysicsEngine</Filter>
    </ClInclude>
    <ClInclude Include="AComponent.h">
      <Filter>GameEngine\ComponentSystem</Filter>
    </ClInclude>
    <ClInclude Include="BaseComponentSystem.h">
      <Filter>GameEngine\ComponentSystem</Filter>
    </ClInclude>
  </ItemGroup>
  <ItemGroup>
    <FxCompile Include="shader.fx">
      <Filter>GameEngine</Filter>
    </FxCompile>
    <FxCompile Include="PixelShader.hlsl">
      <Filter>GameEngine\GraphicsEngine\Shaders</Filter>
    </FxCompile>
    <FxCompile Include="VertexShader.hlsl">
      <Filter>GameEngine\GraphicsEngine\Shaders</Filter>
    </FxCompile>
  </ItemGroup>
  <ItemGroup>
    <None Include="imgui.ini" />
  </ItemGroup>
</Project>