<?xml version="1.0" encoding="utf-8"?>
<Project ToolsVersion="4.0" xmlns="http://schemas.microsoft.com/developer/msbuild/2003">
  <ItemGroup>
    <Filter Include="App">
      <UniqueIdentifier>{933a2db0-d2c4-428f-a4a6-864ffc38e282}</UniqueIdentifier>
    </Filter>
    <Filter Include="GameEngine">
      <UniqueIdentifier>{93dae443-e58e-4182-9114-ccd4ed05cb50}</UniqueIdentifier>
    </Filter>
    <Filter Include="GameEngine\GraphicsEngine">
      <UniqueIdentifier>{dc61382a-9b4c-4827-9af0-6355711c8cfc}</UniqueIdentifier>
    </Filter>
    <Filter Include="GameEngine\GraphicsEngine\DeviceContext">
      <UniqueIdentifier>{f8594d96-d646-4124-9aa7-171dcf7c7704}</UniqueIdentifier>
    </Filter>
    <Filter Include="GameEngine\GraphicsEngine\SwapChain">
      <UniqueIdentifier>{cb8d5e81-6d15-4a66-ac85-1b59d7a1ef93}</UniqueIdentifier>
    </Filter>
    <Filter Include="GameEngine\WindowSystem">
      <UniqueIdentifier>{513c1b91-1e5b-40b1-a489-ab0630c5d535}</UniqueIdentifier>
    </Filter>
    <Filter Include="Utils">
      <UniqueIdentifier>{08b51a2e-75a4-44f4-85be-d4cfac843875}</UniqueIdentifier>
    </Filter>
  </ItemGroup>
  <ItemGroup>
    <ClCompile Include="main.cpp">
      <Filter>App</Filter>
    </ClCompile>
    <ClCompile Include="Window.cpp">
      <Filter>GameEngine\WindowSystem</Filter>
    </ClCompile>
    <ClCompile Include="AppWindow.cpp">
      <Filter>App</Filter>
    </ClCompile>
    <ClCompile Include="GraphicsEngine.cpp">
      <Filter>GameEngine\GraphicsEngine</Filter>
    </ClCompile>
    <ClCompile Include="DeviceContext.cpp">
      <Filter>GameEngine\GraphicsEngine\DeviceContext</Filter>
    </ClCompile>
    <ClCompile Include="SwapChain.cpp">
      <Filter>GameEngine\GraphicsEngine\SwapChain</Filter>
    </ClCompile>
    <ClCompile Include="VertexBuffer.cpp" />
    <ClCompile Include="VertexShader.cpp" />
    <ClCompile Include="PixelShader.cpp" />
    <ClCompile Include="ConstantBuffer.cpp" />
    <ClCompile Include="EngineTime.cpp" />
  </ItemGroup>
  <ItemGroup>
    <ClInclude Include="Window.h">
      <Filter>GameEngine\WindowSystem</Filter>
    </ClInclude>
    <ClInclude Include="AppWindow.h">
      <Filter>App</Filter>
    </ClInclude>
    <ClInclude Include="GraphicsEngine.h">
      <Filter>GameEngine\GraphicsEngine</Filter>
    </ClInclude>
    <ClInclude Include="DeviceContext.h">
      <Filter>GameEngine\GraphicsEngine\DeviceContext</Filter>
    </ClInclude>
    <ClInclude Include="SwapChain.h">
      <Filter>GameEngine\GraphicsEngine\SwapChain</Filter>
    </ClInclude>
    <ClInclude Include="VertexBuffer.h" />
    <ClInclude Include="VertexShader.h" />
    <ClInclude Include="PixelShader.h" />
    <ClInclude Include="ConstantBuffer.h" />
    <ClInclude Include="EngineTime.h" />
  </ItemGroup>
  <ItemGroup>
    <FxCompile Include="shader.fx">
      <Filter>GameEngine</Filter>
    </FxCompile>
    <FxCompile Include="PixelShader.hlsl" />
    <FxCompile Include="VertexShader.hlsl" />
  </ItemGroup>
</Project>